
Microsoft Visual Studio Solution File, Format Version 12.00
# Visual Studio Version 17
VisualStudioVersion = 17.14.36616.10 d17.14
MinimumVisualStudioVersion = 10.0.40219.1
Project("{FAE04EC0-301F-11D3-BF4B-00C04F79EFBC}") = "MyFirstApp", "MyFirstApp\MyFirstApp.csproj", "{0222A7C5-9687-4687-98E5-B849A9029740}"
EndProject
Global
	GlobalSection(SolutionConfigurationPlatforms) = preSolution
		Debug|Any CPU = Debug|Any CPU
		Release|Any CPU = Release|Any CPU
	EndGlobalSection
	GlobalSection(ProjectConfigurationPlatforms) = postSolution
		{0222A7C5-9687-4687-98E5-B849A9029740}.Debug|Any CPU.ActiveCfg = Debug|Any CPU
		{0222A7C5-9687-4687-98E5-B849A9029740}.Debug|Any CPU.Build.0 = Debug|Any CPU
		{0222A7C5-9687-4687-98E5-B849A9029740}.Release|Any CPU.ActiveCfg = Release|Any CPU
		{0222A7C5-9687-4687-98E5-B849A9029740}.Release|Any CPU.Build.0 = Release|Any CPU
	EndGlobalSection
	GlobalSection(SolutionProperties) = preSolution
		HideSolutionNode = FALSE
	EndGlobalSection
	GlobalSection(ExtensibilityGlobals) = postSolution
		SolutionGuid = {F52F0F51-F289-4AA9-B8E5-EA0EB9C7E64E}
	EndGlobalSection
EndGlobal
