
Microsoft Visual Studio Solution File, Format Version 12.00
# Visual Studio Version 17
VisualStudioVersion = 17.14.37012.4 d17.14
MinimumVisualStudioVersion = 10.0.40219.1
Project("{FAE04EC0-301F-11D3-BF4B-00C04F79EFBC}") = "RoutingParameters", "RoutingParameters\RoutingParameters.csproj", "{8CB07C7D-59FE-416D-BA0C-9B33D56F4E85}"
EndProject
Global
	GlobalSection(SolutionConfigurationPlatforms) = preSolution
		Debug|Any CPU = Debug|Any CPU
		Release|Any CPU = Release|Any CPU
	EndGlobalSection
	GlobalSection(ProjectConfigurationPlatforms) = postSolution
		{8CB07C7D-59FE-416D-BA0C-9B33D56F4E85}.Debug|Any CPU.ActiveCfg = Debug|Any CPU
		{8CB07C7D-59FE-416D-BA0C-9B33D56F4E85}.Debug|Any CPU.Build.0 = Debug|Any CPU
		{8CB07C7D-59FE-416D-BA0C-9B33D56F4E85}.Release|Any CPU.ActiveCfg = Release|Any CPU
		{8CB07C7D-59FE-416D-BA0C-9B33D56F4E85}.Release|Any CPU.Build.0 = Release|Any CPU
	EndGlobalSection
	GlobalSection(SolutionProperties) = preSolution
		HideSolutionNode = FALSE
	EndGlobalSection
	GlobalSection(ExtensibilityGlobals) = postSolution
		SolutionGuid = {F835A3C8-3DB6-4383-9603-D596785B7BB5}
	EndGlobalSection
EndGlobal
