
Microsoft Visual Studio Solution File, Format Version 12.00
# Visual Studio Version 17
VisualStudioVersion = 17.14.36616.10 d17.14
MinimumVisualStudioVersion = 10.0.40219.1
Project("{FAE04EC0-301F-11D3-BF4B-00C04F79EFBC}") = "QueryString", "QueryString\QueryString.csproj", "{A38FFE18-D957-42F9-B46B-5884820D8106}"
EndProject
Global
	GlobalSection(SolutionConfigurationPlatforms) = preSolution
		Debug|Any CPU = Debug|Any CPU
		Release|Any CPU = Release|Any CPU
	EndGlobalSection
	GlobalSection(ProjectConfigurationPlatforms) = postSolution
		{A38FFE18-D957-42F9-B46B-5884820D8106}.Debug|Any CPU.ActiveCfg = Debug|Any CPU
		{A38FFE18-D957-42F9-B46B-5884820D8106}.Debug|Any CPU.Build.0 = Debug|Any CPU
		{A38FFE18-D957-42F9-B46B-5884820D8106}.Release|Any CPU.ActiveCfg = Release|Any CPU
		{A38FFE18-D957-42F9-B46B-5884820D8106}.Release|Any CPU.Build.0 = Release|Any CPU
	EndGlobalSection
	GlobalSection(SolutionProperties) = preSolution
		HideSolutionNode = FALSE
	EndGlobalSection
	GlobalSection(ExtensibilityGlobals) = postSolution
		SolutionGuid = {1E8703A4-4792-4CB3-A4CE-3A95BD006D9D}
	EndGlobalSection
EndGlobal
